
Microsoft Visual Studio Solution File, Format Version 11.00
# Visual Studio 2010
Project("{FAE04EC0-301F-11D3-BF4B-00C04F79EFBC}") = "Angelhack Dubai 2018", "Assembly-CSharp.csproj", "{DB51C14C-0EE4-E122-7DB0-9F9E415F1A8B}"
EndProject
Project("{FAE04EC0-301F-11D3-BF4B-00C04F79EFBC}") = "Angelhack Dubai 2018", "Assembly-CSharp-Editor.csproj", "{00437FD1-6F81-1D4A-161E-B985B3313441}"
EndProject
Global
	GlobalSection(SolutionConfigurationPlatforms) = preSolution
		Debug|Any CPU = Debug|Any CPU
		Release|Any CPU = Release|Any CPU
	EndGlobalSection
	GlobalSection(ProjectConfigurationPlatforms) = postSolution
		{DB51C14C-0EE4-E122-7DB0-9F9E415F1A8B}.Debug|Any CPU.ActiveCfg = Debug|Any CPU
		{DB51C14C-0EE4-E122-7DB0-9F9E415F1A8B}.Debug|Any CPU.Build.0 = Debug|Any CPU
		{DB51C14C-0EE4-E122-7DB0-9F9E415F1A8B}.Release|Any CPU.ActiveCfg = Release|Any CPU
		{DB51C14C-0EE4-E122-7DB0-9F9E415F1A8B}.Release|Any CPU.Build.0 = Release|Any CPU
		{00437FD1-6F81-1D4A-161E-B985B3313441}.Debug|Any CPU.ActiveCfg = Debug|Any CPU
		{00437FD1-6F81-1D4A-161E-B985B3313441}.Debug|Any CPU.Build.0 = Debug|Any CPU
		{00437FD1-6F81-1D4A-161E-B985B3313441}.Release|Any CPU.ActiveCfg = Release|Any CPU
		{00437FD1-6F81-1D4A-161E-B985B3313441}.Release|Any CPU.Build.0 = Release|Any CPU
	EndGlobalSection
	GlobalSection(SolutionProperties) = preSolution
		HideSolutionNode = FALSE
	EndGlobalSection
	GlobalSection(MonoDevelopProperties) = preSolution
		StartupItem = Assembly-CSharp.csproj
	EndGlobalSection
EndGlobal
